
Microsoft Visual Studio Solution File, Format Version 12.00
# Visual Studio Version 16
VisualStudioVersion = 16.0.29728.190
MinimumVisualStudioVersion = 10.0.40219.1
Project("{2150E333-8FDC-42A3-9474-1A3956D46DE8}") = "src", "src", "{2C058A3A-C05C-4272-AA1D-79E456BCA2BF}"
EndProject
Project("{2150E333-8FDC-42A3-9474-1A3956D46DE8}") = "Catalog", "Catalog", "{C98D15D1-0037-4693-B91C-B0DB1ACB9D2A}"
EndProject
Project("{9A19103F-16F7-4668-BE54-9A1E7A4F7556}") = "Catalog.API", "src\Catalog\Catalog.API\Catalog.API.csproj", "{6B92710A-E4ED-49D4-9FD5-F03A617ADE7C}"
EndProject
Project("{E53339B2-1760-4266-BCC7-CA923CBCF16C}") = "docker-compose", "docker-compose.dcproj", "{33522603-5770-41EB-ABAE-72B006677CBA}"
EndProject
Project("{2150E333-8FDC-42A3-9474-1A3956D46DE8}") = "Basket", "Basket", "{FA42CD26-3854-47BC-9806-2973C31F1F50}"
EndProject
Project("{9A19103F-16F7-4668-BE54-9A1E7A4F7556}") = "Basket.API", "src\Basket\Basket.API\Basket.API.csproj", "{F6E3052D-3362-4556-933B-9A2C4C2FE6F1}"
EndProject
Project("{2150E333-8FDC-42A3-9474-1A3956D46DE8}") = "Common", "Common", "{6E720563-02B6-4FD3-83E7-DC8B4F83E135}"
EndProject
Project("{9A19103F-16F7-4668-BE54-9A1E7A4F7556}") = "EventBusRabbitMQ", "src\Common\EventBusRabbitMQ\EventBusRabbitMQ.csproj", "{736FF833-FD5C-4E7E-A89B-42D0B9A0576A}"
EndProject
Project("{2150E333-8FDC-42A3-9474-1A3956D46DE8}") = "Ordering", "Ordering", "{4F3106E9-24C5-4887-8645-8C17BFD3285A}"
EndProject
Project("{9A19103F-16F7-4668-BE54-9A1E7A4F7556}") = "Ordering.API", "src\Ordering\Ordering.API\Ordering.API.csproj", "{6C6FE324-F124-4E53-AF93-E0556460802B}"
EndProject
Project("{9A19103F-16F7-4668-BE54-9A1E7A4F7556}") = "Ordering.Core", "src\Ordering\Ordering.Core\Ordering.Core.csproj", "{C2F61C4B-D972-4308-975E-15C0941885D1}"
EndProject
Project("{9A19103F-16F7-4668-BE54-9A1E7A4F7556}") = "Ordering.Infrastructure", "src\Ordering\Ordering.Infrastructure\Ordering.Infrastructure.csproj", "{385B336A-2061-4CC8-A96D-3982E0A9A114}"
EndProject
Project("{9A19103F-16F7-4668-BE54-9A1E7A4F7556}") = "Ordering.Application", "src\Ordering\Ordering.Application\Ordering.Application.csproj", "{93B43E34-8354-4BEB-B540-0F5B15FD3B97}"
EndProject
Project("{2150E333-8FDC-42A3-9474-1A3956D46DE8}") = "ApiGateway", "ApiGateway", "{9C9532E7-9C42-4B51-A631-93BA323EDB82}"
EndProject
Project("{FAE04EC0-301F-11D3-BF4B-00C04F79EFBC}") = "OcelotAPIGateway", "src\ApiGateway\OcelotAPIGateway\OcelotAPIGateway.csproj", "{C94D1B45-B9AA-4FBE-8528-CE2D7B7D8962}"
EndProject
Global
	GlobalSection(SolutionConfigurationPlatforms) = preSolution
		Debug|Any CPU = Debug|Any CPU
		Release|Any CPU = Release|Any CPU
	EndGlobalSection
	GlobalSection(ProjectConfigurationPlatforms) = postSolution
		{6B92710A-E4ED-49D4-9FD5-F03A617ADE7C}.Debug|Any CPU.ActiveCfg = Debug|Any CPU
		{6B92710A-E4ED-49D4-9FD5-F03A617ADE7C}.Debug|Any CPU.Build.0 = Debug|Any CPU
		{6B92710A-E4ED-49D4-9FD5-F03A617ADE7C}.Release|Any CPU.ActiveCfg = Release|Any CPU
		{6B92710A-E4ED-49D4-9FD5-F03A617ADE7C}.Release|Any CPU.Build.0 = Release|Any CPU
		{33522603-5770-41EB-ABAE-72B006677CBA}.Debug|Any CPU.ActiveCfg = Debug|Any CPU
		{33522603-5770-41EB-ABAE-72B006677CBA}.Debug|Any CPU.Build.0 = Debug|Any CPU
		{33522603-5770-41EB-ABAE-72B006677CBA}.Release|Any CPU.ActiveCfg = Release|Any CPU
		{33522603-5770-41EB-ABAE-72B006677CBA}.Release|Any CPU.Build.0 = Release|Any CPU
		{F6E3052D-3362-4556-933B-9A2C4C2FE6F1}.Debug|Any CPU.ActiveCfg = Debug|Any CPU
		{F6E3052D-3362-4556-933B-9A2C4C2FE6F1}.Debug|Any CPU.Build.0 = Debug|Any CPU
		{F6E3052D-3362-4556-933B-9A2C4C2FE6F1}.Release|Any CPU.ActiveCfg = Release|Any CPU
		{F6E3052D-3362-4556-933B-9A2C4C2FE6F1}.Release|Any CPU.Build.0 = Release|Any CPU
		{736FF833-FD5C-4E7E-A89B-42D0B9A0576A}.Debug|Any CPU.ActiveCfg = Debug|Any CPU
		{736FF833-FD5C-4E7E-A89B-42D0B9A0576A}.Debug|Any CPU.Build.0 = Debug|Any CPU
		{736FF833-FD5C-4E7E-A89B-42D0B9A0576A}.Release|Any CPU.ActiveCfg = Release|Any CPU
		{736FF833-FD5C-4E7E-A89B-42D0B9A0576A}.Release|Any CPU.Build.0 = Release|Any CPU
		{6C6FE324-F124-4E53-AF93-E0556460802B}.Debug|Any CPU.ActiveCfg = Debug|Any CPU
		{6C6FE324-F124-4E53-AF93-E0556460802B}.Debug|Any CPU.Build.0 = Debug|Any CPU
		{6C6FE324-F124-4E53-AF93-E0556460802B}.Release|Any CPU.ActiveCfg = Release|Any CPU
		{6C6FE324-F124-4E53-AF93-E0556460802B}.Release|Any CPU.Build.0 = Release|Any CPU
		{C2F61C4B-D972-4308-975E-15C0941885D1}.Debug|Any CPU.ActiveCfg = Debug|Any CPU
		{C2F61C4B-D972-4308-975E-15C0941885D1}.Debug|Any CPU.Build.0 = Debug|Any CPU
		{C2F61C4B-D972-4308-975E-15C0941885D1}.Release|Any CPU.ActiveCfg = Release|Any CPU
		{C2F61C4B-D972-4308-975E-15C0941885D1}.Release|Any CPU.Build.0 = Release|Any CPU
		{385B336A-2061-4CC8-A96D-3982E0A9A114}.Debug|Any CPU.ActiveCfg = Debug|Any CPU
		{385B336A-2061-4CC8-A96D-3982E0A9A114}.Debug|Any CPU.Build.0 = Debug|Any CPU
		{385B336A-2061-4CC8-A96D-3982E0A9A114}.Release|Any CPU.ActiveCfg = Release|Any CPU
		{385B336A-2061-4CC8-A96D-3982E0A9A114}.Release|Any CPU.Build.0 = Release|Any CPU
		{93B43E34-8354-4BEB-B540-0F5B15FD3B97}.Debug|Any CPU.ActiveCfg = Debug|Any CPU
		{93B43E34-8354-4BEB-B540-0F5B15FD3B97}.Debug|Any CPU.Build.0 = Debug|Any CPU
		{93B43E34-8354-4BEB-B540-0F5B15FD3B97}.Release|Any CPU.ActiveCfg = Release|Any CPU
		{93B43E34-8354-4BEB-B540-0F5B15FD3B97}.Release|Any CPU.Build.0 = Release|Any CPU
		{C94D1B45-B9AA-4FBE-8528-CE2D7B7D8962}.Debug|Any CPU.ActiveCfg = Debug|Any CPU
		{C94D1B45-B9AA-4FBE-8528-CE2D7B7D8962}.Debug|Any CPU.Build.0 = Debug|Any CPU
		{C94D1B45-B9AA-4FBE-8528-CE2D7B7D8962}.Release|Any CPU.ActiveCfg = Release|Any CPU
		{C94D1B45-B9AA-4FBE-8528-CE2D7B7D8962}.Release|Any CPU.Build.0 = Release|Any CPU
	EndGlobalSection
	GlobalSection(SolutionProperties) = preSolution
		HideSolutionNode = FALSE
	EndGlobalSection
	GlobalSection(NestedProjects) = preSolution
		{C98D15D1-0037-4693-B91C-B0DB1ACB9D2A} = {2C058A3A-C05C-4272-AA1D-79E456BCA2BF}
		{6B92710A-E4ED-49D4-9FD5-F03A617ADE7C} = {C98D15D1-0037-4693-B91C-B0DB1ACB9D2A}
		{FA42CD26-3854-47BC-9806-2973C31F1F50} = {2C058A3A-C05C-4272-AA1D-79E456BCA2BF}
		{F6E3052D-3362-4556-933B-9A2C4C2FE6F1} = {FA42CD26-3854-47BC-9806-2973C31F1F50}
		{6E720563-02B6-4FD3-83E7-DC8B4F83E135} = {2C058A3A-C05C-4272-AA1D-79E456BCA2BF}
		{736FF833-FD5C-4E7E-A89B-42D0B9A0576A} = {6E720563-02B6-4FD3-83E7-DC8B4F83E135}
		{4F3106E9-24C5-4887-8645-8C17BFD3285A} = {2C058A3A-C05C-4272-AA1D-79E456BCA2BF}
		{6C6FE324-F124-4E53-AF93-E0556460802B} = {4F3106E9-24C5-4887-8645-8C17BFD3285A}
		{C2F61C4B-D972-4308-975E-15C0941885D1} = {4F3106E9-24C5-4887-8645-8C17BFD3285A}
		{385B336A-2061-4CC8-A96D-3982E0A9A114} = {4F3106E9-24C5-4887-8645-8C17BFD3285A}
		{93B43E34-8354-4BEB-B540-0F5B15FD3B97} = {4F3106E9-24C5-4887-8645-8C17BFD3285A}
		{9C9532E7-9C42-4B51-A631-93BA323EDB82} = {2C058A3A-C05C-4272-AA1D-79E456BCA2BF}
		{C94D1B45-B9AA-4FBE-8528-CE2D7B7D8962} = {9C9532E7-9C42-4B51-A631-93BA323EDB82}
	EndGlobalSection
	GlobalSection(ExtensibilityGlobals) = postSolution
		SolutionGuid = {B5425741-F044-4F14-AA36-1B0D2DE1FB97}
	EndGlobalSection
EndGlobal
